
Microsoft Visual Studio Solution File, Format Version 12.00
# Visual Studio Version 17
VisualStudioVersion = 17.1.32210.238
MinimumVisualStudioVersion = 10.0.40219.1
Project("{9A19103F-16F7-4668-BE54-9A1E7A4F7556}") = "EmployeePayrollSystem", "EmployeePayrollSystem\EmployeePayrollSystem.csproj", "{3D74CFDB-4147-41D8-99F5-7AF3BB9D24CA}"
EndProject
Project("{9A19103F-16F7-4668-BE54-9A1E7A4F7556}") = "EmployeePayroll.Domain", "EmployeePayroll.Domain\EmployeePayroll.Domain.csproj", "{75F9BCA2-894D-45DC-8D80-44F0A58B2572}"
EndProject
Project("{9A19103F-16F7-4668-BE54-9A1E7A4F7556}") = "EmployeePayroll.DataAccess", "EmployeePayroll.DataAccess\EmployeePayroll.DataAccess.csproj", "{111137C9-079E-45F7-8F67-D84F08549901}"
EndProject
Project("{FAE04EC0-301F-11D3-BF4B-00C04F79EFBC}") = "Payroll.API", "Payroll.API\Payroll.API.csproj", "{240ABAD6-4A63-46B4-8F27-9663D0C13878}"
EndProject
Global
	GlobalSection(SolutionConfigurationPlatforms) = preSolution
		Debug|Any CPU = Debug|Any CPU
		Release|Any CPU = Release|Any CPU
	EndGlobalSection
	GlobalSection(ProjectConfigurationPlatforms) = postSolution
		{3D74CFDB-4147-41D8-99F5-7AF3BB9D24CA}.Debug|Any CPU.ActiveCfg = Debug|Any CPU
		{3D74CFDB-4147-41D8-99F5-7AF3BB9D24CA}.Debug|Any CPU.Build.0 = Debug|Any CPU
		{3D74CFDB-4147-41D8-99F5-7AF3BB9D24CA}.Release|Any CPU.ActiveCfg = Release|Any CPU
		{3D74CFDB-4147-41D8-99F5-7AF3BB9D24CA}.Release|Any CPU.Build.0 = Release|Any CPU
		{75F9BCA2-894D-45DC-8D80-44F0A58B2572}.Debug|Any CPU.ActiveCfg = Debug|Any CPU
		{75F9BCA2-894D-45DC-8D80-44F0A58B2572}.Debug|Any CPU.Build.0 = Debug|Any CPU
		{75F9BCA2-894D-45DC-8D80-44F0A58B2572}.Release|Any CPU.ActiveCfg = Release|Any CPU
		{75F9BCA2-894D-45DC-8D80-44F0A58B2572}.Release|Any CPU.Build.0 = Release|Any CPU
		{111137C9-079E-45F7-8F67-D84F08549901}.Debug|Any CPU.ActiveCfg = Debug|Any CPU
		{111137C9-079E-45F7-8F67-D84F08549901}.Debug|Any CPU.Build.0 = Debug|Any CPU
		{111137C9-079E-45F7-8F67-D84F08549901}.Release|Any CPU.ActiveCfg = Release|Any CPU
		{111137C9-079E-45F7-8F67-D84F08549901}.Release|Any CPU.Build.0 = Release|Any CPU
		{240ABAD6-4A63-46B4-8F27-9663D0C13878}.Debug|Any CPU.ActiveCfg = Debug|Any CPU
		{240ABAD6-4A63-46B4-8F27-9663D0C13878}.Debug|Any CPU.Build.0 = Debug|Any CPU
		{240ABAD6-4A63-46B4-8F27-9663D0C13878}.Release|Any CPU.ActiveCfg = Release|Any CPU
		{240ABAD6-4A63-46B4-8F27-9663D0C13878}.Release|Any CPU.Build.0 = Release|Any CPU
	EndGlobalSection
	GlobalSection(SolutionProperties) = preSolution
		HideSolutionNode = FALSE
	EndGlobalSection
	GlobalSection(ExtensibilityGlobals) = postSolution
		SolutionGuid = {C847C9D3-9A59-4591-B183-EE69A032085D}
	EndGlobalSection
EndGlobal
